
Microsoft Visual Studio Solution File, Format Version 12.00
# Visual Studio Version 17
VisualStudioVersion = 17.5.33424.131
MinimumVisualStudioVersion = 10.0.40219.1
Project("{8BC9CEB8-8B4A-11D0-8D11-00A0C91BC942}") = "TheShoppingMall", "TheShoppingMall\TheShoppingMall.vcxproj", "{7FDE6A8E-EF41-4E8F-BA6F-1FCEC3F3D204}"
EndProject
Global
	GlobalSection(SolutionConfigurationPlatforms) = preSolution
		Debug|x64 = Debug|x64
		Debug|x86 = Debug|x86
		Release|x64 = Release|x64
		Release|x86 = Release|x86
	EndGlobalSection
	GlobalSection(ProjectConfigurationPlatforms) = postSolution
		{7FDE6A8E-EF41-4E8F-BA6F-1FCEC3F3D204}.Debug|x64.ActiveCfg = Debug|x64
		{7FDE6A8E-EF41-4E8F-BA6F-1FCEC3F3D204}.Debug|x64.Build.0 = Debug|x64
		{7FDE6A8E-EF41-4E8F-BA6F-1FCEC3F3D204}.Debug|x86.ActiveCfg = Debug|Win32
		{7FDE6A8E-EF41-4E8F-BA6F-1FCEC3F3D204}.Debug|x86.Build.0 = Debug|Win32
		{7FDE6A8E-EF41-4E8F-BA6F-1FCEC3F3D204}.Release|x64.ActiveCfg = Release|x64
		{7FDE6A8E-EF41-4E8F-BA6F-1FCEC3F3D204}.Release|x64.Build.0 = Release|x64
		{7FDE6A8E-EF41-4E8F-BA6F-1FCEC3F3D204}.Release|x86.ActiveCfg = Release|Win32
		{7FDE6A8E-EF41-4E8F-BA6F-1FCEC3F3D204}.Release|x86.Build.0 = Release|Win32
	EndGlobalSection
	GlobalSection(SolutionProperties) = preSolution
		HideSolutionNode = FALSE
	EndGlobalSection
	GlobalSection(ExtensibilityGlobals) = postSolution
		SolutionGuid = {A107842C-0B01-4E05-82E0-6C0C93BD2C81}
	EndGlobalSection
EndGlobal
